
Microsoft Visual Studio Solution File, Format Version 12.00
# Visual Studio Version 17
VisualStudioVersion = 17.3.32819.101
MinimumVisualStudioVersion = 10.0.40219.1
Project("{FAE04EC0-301F-11D3-BF4B-00C04F79EFBC}") = "ScaleMaker", "ScaleMaker\ScaleMaker.csproj", "{F97D54BF-B547-4A49-A23C-6A36D1BB27DD}"
EndProject
Global
	GlobalSection(SolutionConfigurationPlatforms) = preSolution
		Debug|Any CPU = Debug|Any CPU
		Release|Any CPU = Release|Any CPU
	EndGlobalSection
	GlobalSection(ProjectConfigurationPlatforms) = postSolution
		{F97D54BF-B547-4A49-A23C-6A36D1BB27DD}.Debug|Any CPU.ActiveCfg = Debug|Any CPU
		{F97D54BF-B547-4A49-A23C-6A36D1BB27DD}.Debug|Any CPU.Build.0 = Debug|Any CPU
		{F97D54BF-B547-4A49-A23C-6A36D1BB27DD}.Release|Any CPU.ActiveCfg = Release|Any CPU
		{F97D54BF-B547-4A49-A23C-6A36D1BB27DD}.Release|Any CPU.Build.0 = Release|Any CPU
	EndGlobalSection
	GlobalSection(SolutionProperties) = preSolution
		HideSolutionNode = FALSE
	EndGlobalSection
	GlobalSection(ExtensibilityGlobals) = postSolution
		SolutionGuid = {A4D01B19-AA46-4370-80DF-6C6AC727C165}
	EndGlobalSection
EndGlobal
